<?xml version="1.0" encoding="utf-8"?>
<Project ToolsVersion="4.0" xmlns="http://schemas.microsoft.com/developer/msbuild/2003">
  <ItemGroup>
    <Filter Include="Main">
      <UniqueIdentifier>{67DA6AB6-F800-4c08-8B7A-83BB121AAD01}</UniqueIdentifier>
      <Extensions>rc;ico;cur;bmp;dlg;rc2;rct;bin;rgs;gif;jpg;jpeg;jpe;resx;tiff;tif;png;wav;mfcribbon-ms</Extensions>
    </Filter>
    <Filter Include="Main\Clases">
      <UniqueIdentifier>{6dcb43ae-a150-4518-9a14-e9d99356ee7e}</UniqueIdentifier>
    </Filter>
  </ItemGroup>
  <ItemGroup>
    <ClCompile Include="dllMain.cpp">
      <Filter>Main</Filter>
    </ClCompile>
    <ClCompile Include="P3D_Base.cpp">
      <Filter>Main\Clases</Filter>
    </ClCompile>
  </ItemGroup>
  <ItemGroup>
    <ClInclude Include="P3D.h">
      <Filter>Main</Filter>
    </ClInclude>
    <ClInclude Include="P3D_Base.h">
      <Filter>Main\Clases</Filter>
    </ClInclude>
    <ClInclude Include="Estructuras.h">
      <Filter>Main\Clases</Filter>
    </ClInclude>
    <ClInclude Include="PMDG_NG3_SDK.h">
      <Filter>Main\Clases</Filter>
    </ClInclude>
    <ClInclude Include="Recepcion_PMDG.h">
      <Filter>Main\Clases</Filter>
    </ClInclude>
  </ItemGroup>
</Project>