<?xml version="1.0" encoding="utf-8"?>
<Project ToolsVersion="4.0" xmlns="http://schemas.microsoft.com/developer/msbuild/2003">
  <ItemGroup>
    <Filter Include="Main">
      <UniqueIdentifier>{67DA6AB6-F800-4c08-8B7A-83BB121AAD01}</UniqueIdentifier>
      <Extensions>rc;ico;cur;bmp;dlg;rc2;rct;bin;rgs;gif;jpg;jpeg;jpe;resx;tiff;tif;png;wav;mfcribbon-ms</Extensions>
    </Filter>
    <Filter Include="Clase">
      <UniqueIdentifier>{f6ddc182-8fe5-400f-ae1e-804324c2df09}</UniqueIdentifier>
    </Filter>
  </ItemGroup>
  <ItemGroup>
    <ClCompile Include="dllMain.cpp">
      <Filter>Main</Filter>
    </ClCompile>
    <ClCompile Include="C_Archivo.cpp">
      <Filter>Clase</Filter>
    </ClCompile>
  </ItemGroup>
  <ItemGroup>
    <ClInclude Include="Archivo.h">
      <Filter>Main</Filter>
    </ClInclude>
    <ClInclude Include="C_Archivo.h">
      <Filter>Clase</Filter>
    </ClInclude>
  </ItemGroup>
</Project>